
Microsoft Visual Studio Solution File, Format Version 12.00
# Visual Studio 14
VisualStudioVersion = 14.0.25420.1
MinimumVisualStudioVersion = 10.0.40219.1
Project("{FAE04EC0-301F-11D3-BF4B-00C04F79EFBC}") = "Huiswerk", "Huiswerk\Huiswerk.csproj", "{3334D924-739B-4EF3-8B85-069F2913AAE7}"
EndProject
Project("{FAE04EC0-301F-11D3-BF4B-00C04F79EFBC}") = "AD", "ConsoleApplication1\AD.csproj", "{847B7B52-6DC7-4F7F-8F77-0C95C3E21092}"
EndProject
Project("{FAE04EC0-301F-11D3-BF4B-00C04F79EFBC}") = "Oefentoets Design Patterns", "Oefentoets Design Patterns\Oefentoets Design Patterns.csproj", "{B0C88580-9186-43B7-83F7-5D129FCC2864}"
EndProject
Project("{FAE04EC0-301F-11D3-BF4B-00C04F79EFBC}") = "ConsoleApplication1", "ConsoleApplication1\ConsoleApplication1.csproj", "{B089C04D-50F5-4DC2-8C87-B04B5AA9D8B4}"
EndProject
Project("{FAE04EC0-301F-11D3-BF4B-00C04F79EFBC}") = "Opgave1", "AD OefenTentamen\Opgave1\Opgave1.csproj", "{CF8DA509-6AC7-497C-B530-5A114E0B6E1A}"
EndProject
Project("{FAE04EC0-301F-11D3-BF4B-00C04F79EFBC}") = "Opgave2", "AD OefenTentamen\Opgave2\Opgave2.csproj", "{7584E51F-02F9-4B2A-9BFA-DA02E9B4AE3D}"
EndProject
Project("{FAE04EC0-301F-11D3-BF4B-00C04F79EFBC}") = "Opgave3", "AD OefenTentamen\Opgave3\Opgave3.csproj", "{DF5955CE-5292-489F-8AE6-15964DAF94DF}"
EndProject
Project("{FAE04EC0-301F-11D3-BF4B-00C04F79EFBC}") = "Opgave4", "AD OefenTentamen\Opgave4\Opgave4.csproj", "{81FC06A2-D276-403D-8451-6CDC935BA3DC}"
EndProject
Global
	GlobalSection(SolutionConfigurationPlatforms) = preSolution
		Debug|Any CPU = Debug|Any CPU
		Release|Any CPU = Release|Any CPU
	EndGlobalSection
	GlobalSection(ProjectConfigurationPlatforms) = postSolution
		{3334D924-739B-4EF3-8B85-069F2913AAE7}.Debug|Any CPU.ActiveCfg = Debug|Any CPU
		{3334D924-739B-4EF3-8B85-069F2913AAE7}.Debug|Any CPU.Build.0 = Debug|Any CPU
		{3334D924-739B-4EF3-8B85-069F2913AAE7}.Release|Any CPU.ActiveCfg = Release|Any CPU
		{3334D924-739B-4EF3-8B85-069F2913AAE7}.Release|Any CPU.Build.0 = Release|Any CPU
		{847B7B52-6DC7-4F7F-8F77-0C95C3E21092}.Debug|Any CPU.ActiveCfg = Debug|Any CPU
		{847B7B52-6DC7-4F7F-8F77-0C95C3E21092}.Debug|Any CPU.Build.0 = Debug|Any CPU
		{847B7B52-6DC7-4F7F-8F77-0C95C3E21092}.Release|Any CPU.ActiveCfg = Release|Any CPU
		{847B7B52-6DC7-4F7F-8F77-0C95C3E21092}.Release|Any CPU.Build.0 = Release|Any CPU
		{B0C88580-9186-43B7-83F7-5D129FCC2864}.Debug|Any CPU.ActiveCfg = Debug|Any CPU
		{B0C88580-9186-43B7-83F7-5D129FCC2864}.Debug|Any CPU.Build.0 = Debug|Any CPU
		{B0C88580-9186-43B7-83F7-5D129FCC2864}.Release|Any CPU.ActiveCfg = Release|Any CPU
		{B0C88580-9186-43B7-83F7-5D129FCC2864}.Release|Any CPU.Build.0 = Release|Any CPU
		{B089C04D-50F5-4DC2-8C87-B04B5AA9D8B4}.Debug|Any CPU.ActiveCfg = Debug|Any CPU
		{B089C04D-50F5-4DC2-8C87-B04B5AA9D8B4}.Debug|Any CPU.Build.0 = Debug|Any CPU
		{B089C04D-50F5-4DC2-8C87-B04B5AA9D8B4}.Release|Any CPU.ActiveCfg = Release|Any CPU
		{B089C04D-50F5-4DC2-8C87-B04B5AA9D8B4}.Release|Any CPU.Build.0 = Release|Any CPU
		{CF8DA509-6AC7-497C-B530-5A114E0B6E1A}.Debug|Any CPU.ActiveCfg = Debug|Any CPU
		{CF8DA509-6AC7-497C-B530-5A114E0B6E1A}.Debug|Any CPU.Build.0 = Debug|Any CPU
		{CF8DA509-6AC7-497C-B530-5A114E0B6E1A}.Release|Any CPU.ActiveCfg = Release|Any CPU
		{CF8DA509-6AC7-497C-B530-5A114E0B6E1A}.Release|Any CPU.Build.0 = Release|Any CPU
		{7584E51F-02F9-4B2A-9BFA-DA02E9B4AE3D}.Debug|Any CPU.ActiveCfg = Debug|Any CPU
		{7584E51F-02F9-4B2A-9BFA-DA02E9B4AE3D}.Debug|Any CPU.Build.0 = Debug|Any CPU
		{7584E51F-02F9-4B2A-9BFA-DA02E9B4AE3D}.Release|Any CPU.ActiveCfg = Release|Any CPU
		{7584E51F-02F9-4B2A-9BFA-DA02E9B4AE3D}.Release|Any CPU.Build.0 = Release|Any CPU
		{DF5955CE-5292-489F-8AE6-15964DAF94DF}.Debug|Any CPU.ActiveCfg = Debug|Any CPU
		{DF5955CE-5292-489F-8AE6-15964DAF94DF}.Debug|Any CPU.Build.0 = Debug|Any CPU
		{DF5955CE-5292-489F-8AE6-15964DAF94DF}.Release|Any CPU.ActiveCfg = Release|Any CPU
		{DF5955CE-5292-489F-8AE6-15964DAF94DF}.Release|Any CPU.Build.0 = Release|Any CPU
		{81FC06A2-D276-403D-8451-6CDC935BA3DC}.Debug|Any CPU.ActiveCfg = Debug|Any CPU
		{81FC06A2-D276-403D-8451-6CDC935BA3DC}.Debug|Any CPU.Build.0 = Debug|Any CPU
		{81FC06A2-D276-403D-8451-6CDC935BA3DC}.Release|Any CPU.ActiveCfg = Release|Any CPU
		{81FC06A2-D276-403D-8451-6CDC935BA3DC}.Release|Any CPU.Build.0 = Release|Any CPU
	EndGlobalSection
	GlobalSection(SolutionProperties) = preSolution
		HideSolutionNode = FALSE
	EndGlobalSection
EndGlobal
